
Microsoft Visual Studio Solution File, Format Version 12.00
# Visual Studio Version 16
VisualStudioVersion = 16.0.30804.86
MinimumVisualStudioVersion = 10.0.40219.1
Project("{FAE04EC0-301F-11D3-BF4B-00C04F79EFBC}") = "TRIEN KHAI LOP LIST DON GIAN", "TRIEN KHAI LOP LIST DON GIAN\TRIEN KHAI LOP LIST DON GIAN.csproj", "{17CC5A31-EBD5-4E89-87C3-87FF1CA33232}"
EndProject
Project("{FAE04EC0-301F-11D3-BF4B-00C04F79EFBC}") = "MyListTest", "MyListTest\MyListTest.csproj", "{1C77FFFF-21C7-4C73-8930-B6698DA5688D}"
EndProject
Global
	GlobalSection(SolutionConfigurationPlatforms) = preSolution
		Debug|Any CPU = Debug|Any CPU
		Release|Any CPU = Release|Any CPU
	EndGlobalSection
	GlobalSection(ProjectConfigurationPlatforms) = postSolution
		{17CC5A31-EBD5-4E89-87C3-87FF1CA33232}.Debug|Any CPU.ActiveCfg = Debug|Any CPU
		{17CC5A31-EBD5-4E89-87C3-87FF1CA33232}.Debug|Any CPU.Build.0 = Debug|Any CPU
		{17CC5A31-EBD5-4E89-87C3-87FF1CA33232}.Release|Any CPU.ActiveCfg = Release|Any CPU
		{17CC5A31-EBD5-4E89-87C3-87FF1CA33232}.Release|Any CPU.Build.0 = Release|Any CPU
		{1C77FFFF-21C7-4C73-8930-B6698DA5688D}.Debug|Any CPU.ActiveCfg = Debug|Any CPU
		{1C77FFFF-21C7-4C73-8930-B6698DA5688D}.Debug|Any CPU.Build.0 = Debug|Any CPU
		{1C77FFFF-21C7-4C73-8930-B6698DA5688D}.Release|Any CPU.ActiveCfg = Release|Any CPU
		{1C77FFFF-21C7-4C73-8930-B6698DA5688D}.Release|Any CPU.Build.0 = Release|Any CPU
	EndGlobalSection
	GlobalSection(SolutionProperties) = preSolution
		HideSolutionNode = FALSE
	EndGlobalSection
	GlobalSection(ExtensibilityGlobals) = postSolution
		SolutionGuid = {B66B83AE-8733-4879-8158-6E145E58954C}
	EndGlobalSection
EndGlobal
